repository = "github:sigil-plugins/sigil-plugin-sdk"
commit = "705e8db2efbd59553692b6f0ee1db6cfe8601b25"
host_1_0_wit_sha256 = "b27f414055663431da13798fd64b683d16562b11784bb7444288d27d99a1588b"
host_1_0_wit_blake3 = "abad1012a31e87f2005eeb97690e3b5cfa183341330317089a33dca92c7ebce9"
host_1_1_wit_sha256 = "741bda50f8b021101fe67e29ddc100703e7b662923862fbea3694e86ba7f2813"
host_1_1_wit_blake3 = "e25c171b168fe76b58eaaa7ef6ccf6cc564f1a23ba0381b18dee9c98d4b6c862"
s3_0_1_1_wit_sha256 = "e9cab1de78e5aa09e31c9585fb47cb1b519f8a76a46294b5057cfa71c53c3de1"
s3_0_1_1_wit_blake3 = "40be141cb53d88af700545303dfc5d42623505d2b4053ae6ab7181de6c2f40ea"
